// !$*UTF8*$!
{
	archiveVersion = 1;
	classes = {
	};
	objectVersion = 50;
	objects = {

/* Begin PBXBuildFile section */
		56E1213D223503E40012D9CF /* SFDiary.m in Sources */ = {isa = PBXBuildFile; fileRef = 56E1213C223503E40012D9CF /* SFDiary.m */; };
		56E12159223505CB0012D9CF /* SFDiaryListViewController.m in Sources */ = {isa = PBXBuildFile; fileRef = 56E12157223505CB0012D9CF /* SFDiaryListViewController.m */; };
		56E12186223538A20012D9CF /* Server.plist in Resources */ = {isa = PBXBuildFile; fileRef = 56E1217F223538A20012D9CF /* Server.plist */; };
		56E12187223538A20012D9CF /* Localizable.strings in Resources */ = {isa = PBXBuildFile; fileRef = 56E12181223538A20012D9CF /* Localizable.strings */; };
/* End PBXBuildFile section */

/* Begin PBXCopyFilesBuildPhase section */
		56E1212B223503310012D9CF /* CopyFiles */ = {
			isa = PBXCopyFilesBuildPhase;
			buildActionMask = 2147483647;
			dstPath = "include/$(PRODUCT_NAME)";
			dstSubfolderSpec = 16;
			files = (
			);
			runOnlyForDeploymentPostprocessing = 0;
		};
/* End PBXCopyFilesBuildPhase section */

/* Begin PBXFileReference section */
		56E1212D223503310012D9CF /* libSFDiary.a */ = {isa = PBXFileReference; explicitFileType = archive.ar; includeInIndex = 0; path = libSFDiary.a; sourceTree = BUILT_PRODUCTS_DIR; };
		56E1213B223503E40012D9CF /* SFDiary.h */ = {isa = PBXFileReference; fileEncoding = 4; lastKnownFileType = sourcecode.c.h; path = SFDiary.h; sourceTree = "<group>"; };
		56E1213C223503E40012D9CF /* SFDiary.m */ = {isa = PBXFileReference; fileEncoding = 4; lastKnownFileType = sourcecode.c.objc; path = SFDiary.m; sourceTree = "<group>"; };
		56E12142223504060012D9CF /* SFDiaryBundle.bundle */ = {isa = PBXFileReference; explicitFileType = wrapper.cfbundle; includeInIndex = 0; path = SFDiaryBundle.bundle; sourceTree = BUILT_PRODUCTS_DIR; };
		56E12157223505CB0012D9CF /* SFDiaryListViewController.m */ = {isa = PBXFileReference; fileEncoding = 4; lastKnownFileType = sourcecode.c.objc; path = SFDiaryListViewController.m; sourceTree = "<group>"; };
		56E12158223505CB0012D9CF /* SFDiaryListViewController.h */ = {isa = PBXFileReference; fileEncoding = 4; lastKnownFileType = sourcecode.c.h; path = SFDiaryListViewController.h; sourceTree = "<group>"; };
		56E1217F223538A20012D9CF /* Server.plist */ = {isa = PBXFileReference; fileEncoding = 4; lastKnownFileType = text.plist.xml; path = Server.plist; sourceTree = "<group>"; };
		56E12182223538A20012D9CF /* zh-Hans */ = {isa = PBXFileReference; lastKnownFileType = text.plist.strings; name = "zh-Hans"; path = "zh-Hans.lproj/Localizable.strings"; sourceTree = "<group>"; };
		56E12183223538A20012D9CF /* en */ = {isa = PBXFileReference; lastKnownFileType = text.plist.strings; name = en; path = en.lproj/Localizable.strings; sourceTree = "<group>"; };
/* End PBXFileReference section */

/* Begin PBXFrameworksBuildPhase section */
		56E1212A223503310012D9CF /* Frameworks */ = {
			isa = PBXFrameworksBuildPhase;
			buildActionMask = 2147483647;
			files = (
			);
			runOnlyForDeploymentPostprocessing = 0;
		};
		56E1213F223504060012D9CF /* Frameworks */ = {
			isa = PBXFrameworksBuildPhase;
			buildActionMask = 2147483647;
			files = (
			);
			runOnlyForDeploymentPostprocessing = 0;
		};
/* End PBXFrameworksBuildPhase section */

/* Begin PBXGroup section */
		56E12124223503310012D9CF = {
			isa = PBXGroup;
			children = (
				56E1212F223503310012D9CF /* SFDiary */,
				56E12143223504060012D9CF /* SFDiaryBundle */,
				56E1212E223503310012D9CF /* Products */,
			);
			sourceTree = "<group>";
		};
		56E1212E223503310012D9CF /* Products */ = {
			isa = PBXGroup;
			children = (
				56E1212D223503310012D9CF /* libSFDiary.a */,
				56E12142223504060012D9CF /* SFDiaryBundle.bundle */,
			);
			name = Products;
			sourceTree = "<group>";
		};
		56E1212F223503310012D9CF /* SFDiary */ = {
			isa = PBXGroup;
			children = (
				56E1213A223503E40012D9CF /* inc */,
				56E12139223503E40012D9CF /* src */,
			);
			path = SFDiary;
			sourceTree = "<group>";
		};
		56E12139223503E40012D9CF /* src */ = {
			isa = PBXGroup;
			children = (
				56E12155223505CB0012D9CF /* SFDiaryList */,
			);
			path = src;
			sourceTree = "<group>";
		};
		56E1213A223503E40012D9CF /* inc */ = {
			isa = PBXGroup;
			children = (
				56E1213B223503E40012D9CF /* SFDiary.h */,
				56E1213C223503E40012D9CF /* SFDiary.m */,
			);
			path = inc;
			sourceTree = "<group>";
		};
		56E12143223504060012D9CF /* SFDiaryBundle */ = {
			isa = PBXGroup;
			children = (
				56E1217D223538A20012D9CF /* master */,
			);
			path = SFDiaryBundle;
			sourceTree = "<group>";
		};
		56E12155223505CB0012D9CF /* SFDiaryList */ = {
			isa = PBXGroup;
			children = (
				56E12156223505CB0012D9CF /* ViewController */,
			);
			path = SFDiaryList;
			sourceTree = "<group>";
		};
		56E12156223505CB0012D9CF /* ViewController */ = {
			isa = PBXGroup;
			children = (
				56E12157223505CB0012D9CF /* SFDiaryListViewController.m */,
				56E12158223505CB0012D9CF /* SFDiaryListViewController.h */,
			);
			path = ViewController;
			sourceTree = "<group>";
		};
		56E1217D223538A20012D9CF /* master */ = {
			isa = PBXGroup;
			children = (
				56E1217E223538A20012D9CF /* Config */,
				56E12180223538A20012D9CF /* Localized */,
				56E12184223538A20012D9CF /* Image */,
			);
			path = master;
			sourceTree = "<group>";
		};
		56E1217E223538A20012D9CF /* Config */ = {
			isa = PBXGroup;
			children = (
				56E1217F223538A20012D9CF /* Server.plist */,
			);
			path = Config;
			sourceTree = "<group>";
		};
		56E12180223538A20012D9CF /* Localized */ = {
			isa = PBXGroup;
			children = (
				56E12181223538A20012D9CF /* Localizable.strings */,
			);
			path = Localized;
			sourceTree = "<group>";
		};
		56E12184223538A20012D9CF /* Image */ = {
			isa = PBXGroup;
			children = (
			);
			path = Image;
			sourceTree = "<group>";
		};
/* End PBXGroup section */

/* Begin PBXNativeTarget section */
		56E1212C223503310012D9CF /* SFDiary */ = {
			isa = PBXNativeTarget;
			buildConfigurationList = 56E12136223503310012D9CF /* Build configuration list for PBXNativeTarget "SFDiary" */;
			buildPhases = (
				56E12129223503310012D9CF /* Sources */,
				56E1212A223503310012D9CF /* Frameworks */,
				56E1212B223503310012D9CF /* CopyFiles */,
			);
			buildRules = (
			);
			dependencies = (
			);
			name = SFDiary;
			productName = SFDiary;
			productReference = 56E1212D223503310012D9CF /* libSFDiary.a */;
			productType = "com.apple.product-type.library.static";
		};
		56E12141223504060012D9CF /* SFDiaryBundle */ = {
			isa = PBXNativeTarget;
			buildConfigurationList = 56E12145223504060012D9CF /* Build configuration list for PBXNativeTarget "SFDiaryBundle" */;
			buildPhases = (
				56E1213E223504060012D9CF /* Sources */,
				56E1213F223504060012D9CF /* Frameworks */,
				56E12140223504060012D9CF /* Resources */,
			);
			buildRules = (
			);
			dependencies = (
			);
			name = SFDiaryBundle;
			productName = SFDiaryBundle;
			productReference = 56E12142223504060012D9CF /* SFDiaryBundle.bundle */;
			productType = "com.apple.product-type.bundle";
		};
/* End PBXNativeTarget section */

/* Begin PBXProject section */
		56E12125223503310012D9CF /* Project object */ = {
			isa = PBXProject;
			attributes = {
				LastUpgradeCheck = 1010;
				ORGANIZATIONNAME = com.sf.ios;
				TargetAttributes = {
					56E1212C223503310012D9CF = {
						CreatedOnToolsVersion = 10.1;
					};
					56E12141223504060012D9CF = {
						CreatedOnToolsVersion = 10.1;
					};
				};
			};
			buildConfigurationList = 56E12128223503310012D9CF /* Build configuration list for PBXProject "SFDiary" */;
			compatibilityVersion = "Xcode 9.3";
			developmentRegion = en;
			hasScannedForEncodings = 0;
			knownRegions = (
				en,
				"zh-Hans",
			);
			mainGroup = 56E12124223503310012D9CF;
			productRefGroup = 56E1212E223503310012D9CF /* Products */;
			projectDirPath = "";
			projectRoot = "";
			targets = (
				56E1212C223503310012D9CF /* SFDiary */,
				56E12141223504060012D9CF /* SFDiaryBundle */,
			);
		};
/* End PBXProject section */

/* Begin PBXResourcesBuildPhase section */
		56E12140223504060012D9CF /* Resources */ = {
			isa = PBXResourcesBuildPhase;
			buildActionMask = 2147483647;
			files = (
				56E12186223538A20012D9CF /* Server.plist in Resources */,
				56E12187223538A20012D9CF /* Localizable.strings in Resources */,
			);
			runOnlyForDeploymentPostprocessing = 0;
		};
/* End PBXResourcesBuildPhase section */

/* Begin PBXSourcesBuildPhase section */
		56E12129223503310012D9CF /* Sources */ = {
			isa = PBXSourcesBuildPhase;
			buildActionMask = 2147483647;
			files = (
				56E1213D223503E40012D9CF /* SFDiary.m in Sources */,
				56E12159223505CB0012D9CF /* SFDiaryListViewController.m in Sources */,
			);
			runOnlyForDeploymentPostprocessing = 0;
		};
		56E1213E223504060012D9CF /* Sources */ = {
			isa = PBXSourcesBuildPhase;
			buildActionMask = 2147483647;
			files = (
			);
			runOnlyForDeploymentPostprocessing = 0;
		};
/* End PBXSourcesBuildPhase section */

/* Begin PBXVariantGroup section */
		56E12181223538A20012D9CF /* Localizable.strings */ = {
			isa = PBXVariantGroup;
			children = (
				56E12182223538A20012D9CF /* zh-Hans */,
				56E12183223538A20012D9CF /* en */,
			);
			name = Localizable.strings;
			sourceTree = "<group>";
		};
/* End PBXVariantGroup section */

/* Begin XCBuildConfiguration section */
		56E12134223503310012D9CF /* Debug */ = {
			isa = XCBuildConfiguration;
			buildSettings = {
				ALWAYS_SEARCH_USER_PATHS = NO;
				CLANG_ANALYZER_NONNULL = YES;
				CLANG_ANALYZER_NUMBER_OBJECT_CONVERSION = YES_AGGRESSIVE;
				CLANG_CXX_LANGUAGE_STANDARD = "gnu++14";
				CLANG_CXX_LIBRARY = "libc++";
				CLANG_ENABLE_MODULES = YES;
				CLANG_ENABLE_OBJC_ARC = YES;
				CLANG_ENABLE_OBJC_WEAK = YES;
				CLANG_WARN_BLOCK_CAPTURE_AUTORELEASING = YES;
				CLANG_WARN_BOOL_CONVERSION = YES;
				CLANG_WARN_COMMA = YES;
				CLANG_WARN_CONSTANT_CONVERSION = YES;
				CLANG_WARN_DEPRECATED_OBJC_IMPLEMENTATIONS = YES;
				CLANG_WARN_DIRECT_OBJC_ISA_USAGE = YES_ERROR;
				CLANG_WARN_DOCUMENTATION_COMMENTS = YES;
				CLANG_WARN_EMPTY_BODY = YES;
				CLANG_WARN_ENUM_CONVERSION = YES;
				CLANG_WARN_INFINITE_RECURSION = YES;
				CLANG_WARN_INT_CONVERSION = YES;
				CLANG_WARN_NON_LITERAL_NULL_CONVERSION = YES;
				CLANG_WARN_OBJC_IMPLICIT_RETAIN_SELF = YES;
				CLANG_WARN_OBJC_LITERAL_CONVERSION = YES;
				CLANG_WARN_OBJC_ROOT_CLASS = YES_ERROR;
				CLANG_WARN_RANGE_LOOP_ANALYSIS = YES;
				CLANG_WARN_STRICT_PROTOTYPES = YES;
				CLANG_WARN_SUSPICIOUS_MOVE = YES;
				CLANG_WARN_UNGUARDED_AVAILABILITY = YES_AGGRESSIVE;
				CLANG_WARN_UNREACHABLE_CODE = YES;
				CLANG_WARN__DUPLICATE_METHOD_MATCH = YES;
				CODE_SIGN_IDENTITY = "iPhone Developer";
				COPY_PHASE_STRIP = NO;
				DEBUG_INFORMATION_FORMAT = dwarf;
				ENABLE_STRICT_OBJC_MSGSEND = YES;
				ENABLE_TESTABILITY = YES;
				GCC_C_LANGUAGE_STANDARD = gnu11;
				GCC_DYNAMIC_NO_PIC = NO;
				GCC_NO_COMMON_BLOCKS = YES;
				GCC_OPTIMIZATION_LEVEL = 0;
				GCC_PREPROCESSOR_DEFINITIONS = (
					"DEBUG=1",
					"$(inherited)",
				);
				GCC_WARN_64_TO_32_BIT_CONVERSION = YES;
				GCC_WARN_ABOUT_RETURN_TYPE = YES_ERROR;
				GCC_WARN_UNDECLARED_SELECTOR = YES;
				GCC_WARN_UNINITIALIZED_AUTOS = YES_AGGRESSIVE;
				GCC_WARN_UNUSED_FUNCTION = YES;
				GCC_WARN_UNUSED_VARIABLE = YES;
				IPHONEOS_DEPLOYMENT_TARGET = 12.1;
				MTL_ENABLE_DEBUG_INFO = INCLUDE_SOURCE;
				MTL_FAST_MATH = YES;
				ONLY_ACTIVE_ARCH = YES;
				SDKROOT = iphoneos;
			};
			name = Debug;
		};
		56E12135223503310012D9CF /* Release */ = {
			isa = XCBuildConfiguration;
			buildSettings = {
				ALWAYS_SEARCH_USER_PATHS = NO;
				CLANG_ANALYZER_NONNULL = YES;
				CLANG_ANALYZER_NUMBER_OBJECT_CONVERSION = YES_AGGRESSIVE;
				CLANG_CXX_LANGUAGE_STANDARD = "gnu++14";
				CLANG_CXX_LIBRARY = "libc++";
				CLANG_ENABLE_MODULES = YES;
				CLANG_ENABLE_OBJC_ARC = YES;
				CLANG_ENABLE_OBJC_WEAK = YES;
				CLANG_WARN_BLOCK_CAPTURE_AUTORELEASING = YES;
				CLANG_WARN_BOOL_CONVERSION = YES;
				CLANG_WARN_COMMA = YES;
				CLANG_WARN_CONSTANT_CONVERSION = YES;
				CLANG_WARN_DEPRECATED_OBJC_IMPLEMENTATIONS = YES;
				CLANG_WARN_DIRECT_OBJC_ISA_USAGE = YES_ERROR;
				CLANG_WARN_DOCUMENTATION_COMMENTS = YES;
				CLANG_WARN_EMPTY_BODY = YES;
				CLANG_WARN_ENUM_CONVERSION = YES;
				CLANG_WARN_INFINITE_RECURSION = YES;
				CLANG_WARN_INT_CONVERSION = YES;
				CLANG_WARN_NON_LITERAL_NULL_CONVERSION = YES;
				CLANG_WARN_OBJC_IMPLICIT_RETAIN_SELF = YES;
				CLANG_WARN_OBJC_LITERAL_CONVERSION = YES;
				CLANG_WARN_OBJC_ROOT_CLASS = YES_ERROR;
				CLANG_WARN_RANGE_LOOP_ANALYSIS = YES;
				CLANG_WARN_STRICT_PROTOTYPES = YES;
				CLANG_WARN_SUSPICIOUS_MOVE = YES;
				CLANG_WARN_UNGUARDED_AVAILABILITY = YES_AGGRESSIVE;
				CLANG_WARN_UNREACHABLE_CODE = YES;
				CLANG_WARN__DUPLICATE_METHOD_MATCH = YES;
				CODE_SIGN_IDENTITY = "iPhone Developer";
				COPY_PHASE_STRIP = NO;
				DEBUG_INFORMATION_FORMAT = "dwarf-with-dsym";
				ENABLE_NS_ASSERTIONS = NO;
				ENABLE_STRICT_OBJC_MSGSEND = YES;
				GCC_C_LANGUAGE_STANDARD = gnu11;
				GCC_NO_COMMON_BLOCKS = YES;
				GCC_WARN_64_TO_32_BIT_CONVERSION = YES;
				GCC_WARN_ABOUT_RETURN_TYPE = YES_ERROR;
				GCC_WARN_UNDECLARED_SELECTOR = YES;
				GCC_WARN_UNINITIALIZED_AUTOS = YES_AGGRESSIVE;
				GCC_WARN_UNUSED_FUNCTION = YES;
				GCC_WARN_UNUSED_VARIABLE = YES;
				IPHONEOS_DEPLOYMENT_TARGET = 12.1;
				MTL_ENABLE_DEBUG_INFO = NO;
				MTL_FAST_MATH = YES;
				SDKROOT = iphoneos;
				VALIDATE_PRODUCT = YES;
			};
			name = Release;
		};
		56E12137223503310012D9CF /* Debug */ = {
			isa = XCBuildConfiguration;
			buildSettings = {
				CODE_SIGN_STYLE = Automatic;
				OTHER_LDFLAGS = "-ObjC";
				PRODUCT_NAME = "$(TARGET_NAME)";
				SKIP_INSTALL = YES;
				TARGETED_DEVICE_FAMILY = "1,2";
			};
			name = Debug;
		};
		56E12138223503310012D9CF /* Release */ = {
			isa = XCBuildConfiguration;
			buildSettings = {
				CODE_SIGN_STYLE = Automatic;
				OTHER_LDFLAGS = "-ObjC";
				PRODUCT_NAME = "$(TARGET_NAME)";
				SKIP_INSTALL = YES;
				TARGETED_DEVICE_FAMILY = "1,2";
			};
			name = Release;
		};
		56E12146223504060012D9CF /* Debug */ = {
			isa = XCBuildConfiguration;
			buildSettings = {
				CODE_SIGN_IDENTITY = "-";
				CODE_SIGN_STYLE = Automatic;
				COMBINE_HIDPI_IMAGES = YES;
				INFOPLIST_FILE = SFDiaryBundle/Info.plist;
				INSTALL_PATH = "$(LOCAL_LIBRARY_DIR)/Bundles";
				MACOSX_DEPLOYMENT_TARGET = 10.14;
				PRODUCT_BUNDLE_IDENTIFIER = com.sf.ios.SFDiaryBundle;
				PRODUCT_NAME = "$(TARGET_NAME)";
				SDKROOT = macosx;
				SKIP_INSTALL = YES;
				WRAPPER_EXTENSION = bundle;
			};
			name = Debug;
		};
		56E12147223504060012D9CF /* Release */ = {
			isa = XCBuildConfiguration;
			buildSettings = {
				CODE_SIGN_IDENTITY = "-";
				CODE_SIGN_STYLE = Automatic;
				COMBINE_HIDPI_IMAGES = YES;
				INFOPLIST_FILE = SFDiaryBundle/Info.plist;
				INSTALL_PATH = "$(LOCAL_LIBRARY_DIR)/Bundles";
				MACOSX_DEPLOYMENT_TARGET = 10.14;
				PRODUCT_BUNDLE_IDENTIFIER = com.sf.ios.SFDiaryBundle;
				PRODUCT_NAME = "$(TARGET_NAME)";
				SDKROOT = macosx;
				SKIP_INSTALL = YES;
				WRAPPER_EXTENSION = bundle;
			};
			name = Release;
		};
/* End XCBuildConfiguration section */

/* Begin XCConfigurationList section */
		56E12128223503310012D9CF /* Build configuration list for PBXProject "SFDiary" */ = {
			isa = XCConfigurationList;
			buildConfigurations = (
				56E12134223503310012D9CF /* Debug */,
				56E12135223503310012D9CF /* Release */,
			);
			defaultConfigurationIsVisible = 0;
			defaultConfigurationName = Release;
		};
		56E12136223503310012D9CF /* Build configuration list for PBXNativeTarget "SFDiary" */ = {
			isa = XCConfigurationList;
			buildConfigurations = (
				56E12137223503310012D9CF /* Debug */,
				56E12138223503310012D9CF /* Release */,
			);
			defaultConfigurationIsVisible = 0;
			defaultConfigurationName = Release;
		};
		56E12145223504060012D9CF /* Build configuration list for PBXNativeTarget "SFDiaryBundle" */ = {
			isa = XCConfigurationList;
			buildConfigurations = (
				56E12146223504060012D9CF /* Debug */,
				56E12147223504060012D9CF /* Release */,
			);
			defaultConfigurationIsVisible = 0;
			defaultConfigurationName = Release;
		};
/* End XCConfigurationList section */
	};
	rootObject = 56E12125223503310012D9CF /* Project object */;
}
